
Microsoft Visual Studio Solution File, Format Version 12.00
# Visual Studio 15
VisualStudioVersion = 15.0.28307.489
MinimumVisualStudioVersion = 10.0.40219.1
Project("{FAE04EC0-301F-11D3-BF4B-00C04F79EFBC}") = "WeatherStationViaInterfaces", "WeatherStationViaInterfaces\WeatherStationViaInterfaces.csproj", "{B0F4F37D-42D2-4D09-B7CA-A496AE3E6AD5}"
EndProject
Project("{FAE04EC0-301F-11D3-BF4B-00C04F79EFBC}") = "WeatherStationViaInterfaces.Console", "MeteorologicalStationViaInterfaces\WeatherStationViaInterfaces.Console.csproj", "{52592EA2-D4D4-4988-AFAC-E4A271811077}"
EndProject
Project("{FAE04EC0-301F-11D3-BF4B-00C04F79EFBC}") = "WeatherStationViaEvent", "WeatherStationViaEvent\WeatherStationViaEvent.csproj", "{72102161-E94E-4480-A541-EB282E165813}"
EndProject
Project("{FAE04EC0-301F-11D3-BF4B-00C04F79EFBC}") = "WeatherStationShared", "WeatherStationShared\WeatherStationShared.csproj", "{E079AA00-2B4C-49C9-A1D4-4BAF3C9D7C56}"
EndProject
Project("{FAE04EC0-301F-11D3-BF4B-00C04F79EFBC}") = "WeatherStationViaEvent.Console", "WeatherStationViaEvent.Console\WeatherStationViaEvent.Console.csproj", "{C1F77587-D167-440F-9C01-02DC92275C79}"
EndProject
Project("{FAE04EC0-301F-11D3-BF4B-00C04F79EFBC}") = "Timer", "Timer\Timer.csproj", "{BF5B8D9D-4ADC-4901-B3B8-9FDEF860E3A2}"
EndProject
Project("{FAE04EC0-301F-11D3-BF4B-00C04F79EFBC}") = "Timer.Console", "Timer.Console\Timer.Console.csproj", "{E6347765-A5A6-42C2-B9E3-B89444202A03}"
EndProject
Global
	GlobalSection(SolutionConfigurationPlatforms) = preSolution
		Debug|Any CPU = Debug|Any CPU
		Release|Any CPU = Release|Any CPU
	EndGlobalSection
	GlobalSection(ProjectConfigurationPlatforms) = postSolution
		{B0F4F37D-42D2-4D09-B7CA-A496AE3E6AD5}.Debug|Any CPU.ActiveCfg = Debug|Any CPU
		{B0F4F37D-42D2-4D09-B7CA-A496AE3E6AD5}.Debug|Any CPU.Build.0 = Debug|Any CPU
		{B0F4F37D-42D2-4D09-B7CA-A496AE3E6AD5}.Release|Any CPU.ActiveCfg = Release|Any CPU
		{B0F4F37D-42D2-4D09-B7CA-A496AE3E6AD5}.Release|Any CPU.Build.0 = Release|Any CPU
		{52592EA2-D4D4-4988-AFAC-E4A271811077}.Debug|Any CPU.ActiveCfg = Debug|Any CPU
		{52592EA2-D4D4-4988-AFAC-E4A271811077}.Debug|Any CPU.Build.0 = Debug|Any CPU
		{52592EA2-D4D4-4988-AFAC-E4A271811077}.Release|Any CPU.ActiveCfg = Release|Any CPU
		{52592EA2-D4D4-4988-AFAC-E4A271811077}.Release|Any CPU.Build.0 = Release|Any CPU
		{72102161-E94E-4480-A541-EB282E165813}.Debug|Any CPU.ActiveCfg = Debug|Any CPU
		{72102161-E94E-4480-A541-EB282E165813}.Debug|Any CPU.Build.0 = Debug|Any CPU
		{72102161-E94E-4480-A541-EB282E165813}.Release|Any CPU.ActiveCfg = Release|Any CPU
		{72102161-E94E-4480-A541-EB282E165813}.Release|Any CPU.Build.0 = Release|Any CPU
		{E079AA00-2B4C-49C9-A1D4-4BAF3C9D7C56}.Debug|Any CPU.ActiveCfg = Debug|Any CPU
		{E079AA00-2B4C-49C9-A1D4-4BAF3C9D7C56}.Debug|Any CPU.Build.0 = Debug|Any CPU
		{E079AA00-2B4C-49C9-A1D4-4BAF3C9D7C56}.Release|Any CPU.ActiveCfg = Release|Any CPU
		{E079AA00-2B4C-49C9-A1D4-4BAF3C9D7C56}.Release|Any CPU.Build.0 = Release|Any CPU
		{C1F77587-D167-440F-9C01-02DC92275C79}.Debug|Any CPU.ActiveCfg = Debug|Any CPU
		{C1F77587-D167-440F-9C01-02DC92275C79}.Debug|Any CPU.Build.0 = Debug|Any CPU
		{C1F77587-D167-440F-9C01-02DC92275C79}.Release|Any CPU.ActiveCfg = Release|Any CPU
		{C1F77587-D167-440F-9C01-02DC92275C79}.Release|Any CPU.Build.0 = Release|Any CPU
		{BF5B8D9D-4ADC-4901-B3B8-9FDEF860E3A2}.Debug|Any CPU.ActiveCfg = Debug|Any CPU
		{BF5B8D9D-4ADC-4901-B3B8-9FDEF860E3A2}.Debug|Any CPU.Build.0 = Debug|Any CPU
		{BF5B8D9D-4ADC-4901-B3B8-9FDEF860E3A2}.Release|Any CPU.ActiveCfg = Release|Any CPU
		{BF5B8D9D-4ADC-4901-B3B8-9FDEF860E3A2}.Release|Any CPU.Build.0 = Release|Any CPU
		{E6347765-A5A6-42C2-B9E3-B89444202A03}.Debug|Any CPU.ActiveCfg = Debug|Any CPU
		{E6347765-A5A6-42C2-B9E3-B89444202A03}.Debug|Any CPU.Build.0 = Debug|Any CPU
		{E6347765-A5A6-42C2-B9E3-B89444202A03}.Release|Any CPU.ActiveCfg = Release|Any CPU
		{E6347765-A5A6-42C2-B9E3-B89444202A03}.Release|Any CPU.Build.0 = Release|Any CPU
	EndGlobalSection
	GlobalSection(SolutionProperties) = preSolution
		HideSolutionNode = FALSE
	EndGlobalSection
	GlobalSection(ExtensibilityGlobals) = postSolution
		SolutionGuid = {15E33FF0-E840-49BF-9FF2-EF18AD7E799C}
	EndGlobalSection
EndGlobal
